
Microsoft Visual Studio Solution File, Format Version 12.00
# Visual Studio Version 17
VisualStudioVersion = 17.5.2.0
MinimumVisualStudioVersion = 10.0.40219.1
Project("{2150E333-8FDC-42A3-9474-1A3956D46DE8}") = "tests", "tests", "{0AB3BF05-4346-4AA6-1389-037BE0695223}"
EndProject
Project("{2150E333-8FDC-42A3-9474-1A3956D46DE8}") = "src", "src", "{827E0CD3-B72D-47B6-A68D-7590B98EB39B}"
EndProject
Project("{FAE04EC0-301F-11D3-BF4B-00C04F79EFBC}") = "Arbiter", "src\Arbiter\Arbiter.csproj", "{6E2A037A-F173-76D7-C6EE-C6548F036C4C}"
EndProject
Project("{FAE04EC0-301F-11D3-BF4B-00C04F79EFBC}") = "Arbiter.Protocol.QPack", "src\Arbiter.Protocol.QPack\Arbiter.Protocol.QPack.csproj", "{FDE2628D-62F0-46EC-9C8E-8AF16DB7C3F9}"
EndProject
Project("{FAE04EC0-301F-11D3-BF4B-00C04F79EFBC}") = "Arbiter.Protocol.QPack.Tests", "tests\Arbiter.Protocol.QPack.Tests\Arbiter.Protocol.QPack.Tests.csproj", "{B419093C-FD16-4F45-AF1C-EAD02DBA056E}"
EndProject
Project("{FAE04EC0-301F-11D3-BF4B-00C04F79EFBC}") = "Arbiter.Transport.Tcp", "src\Arbiter.Transport.Tcp\Arbiter.Transport.Tcp.csproj", "{7DE55D46-E6B3-4324-B124-56187F731461}"
EndProject
Project("{FAE04EC0-301F-11D3-BF4B-00C04F79EFBC}") = "Arbiter.Protocol.Http11", "src\Arbiter.Protocol.Http11\Arbiter.Protocol.Http11.csproj", "{C8D1A2B3-1234-5678-9ABC-DEF012345678}"
EndProject
Project("{FAE04EC0-301F-11D3-BF4B-00C04F79EFBC}") = "Arbiter.Infrastructure", "src\Arbiter.Infrastructure\Arbiter.Infrastructure.csproj", "{4C6D1B91-EF4E-4CF2-9BAF-0708AAEB8CA5}"
EndProject
Project("{FAE04EC0-301F-11D3-BF4B-00C04F79EFBC}") = "Arbiter.Application", "src\Arbiter.Application\Arbiter.Application.csproj", "{F0CF71E9-D327-4054-BDAF-A3EBCB39B6C6}"
EndProject
Project("{FAE04EC0-301F-11D3-BF4B-00C04F79EFBC}") = "Arbiter.Core", "src\Arbiter.Core\Arbiter.Core.csproj", "{13559B31-3E40-4CC5-9824-22D57DF441CD}"
EndProject
Project("{FAE04EC0-301F-11D3-BF4B-00C04F79EFBC}") = "Arbiter.Infrastructure.Acme", "src\Arbiter.Infrastructure.Acme\Arbiter.Infrastructure.Acme.csproj", "{8F210196-2077-4F34-9B06-1D49D5720ACE}"
EndProject
Project("{FAE04EC0-301F-11D3-BF4B-00C04F79EFBC}") = "Arbiter.Transport.Quic", "src\Arbiter.Transport.Quic\Arbiter.Transport.Quic.csproj", "{0F45D988-EC32-4500-A7DC-A3265DC6B73C}"
EndProject
Project("{FAE04EC0-301F-11D3-BF4B-00C04F79EFBC}") = "Arbiter.Protocol.Http3", "src\Arbiter.Protocol.Http3\Arbiter.Protocol.Http3.csproj", "{BE0DBEE6-0E80-4589-B9A4-4E84A068F944}"
EndProject
Project("{FAE04EC0-301F-11D3-BF4B-00C04F79EFBC}") = "Arbiter.Protocol.Http3.Tests", "tests\Arbiter.Protocol.Http3.Tests\Arbiter.Protocol.Http3.Tests.csproj", "{DFE24D60-9716-4A7A-BD67-AE7D09AC4EB9}"
EndProject
Project("{FAE04EC0-301F-11D3-BF4B-00C04F79EFBC}") = "Arbiter.Infrastructure.Tests", "tests\Arbiter.Infrastructure.Tests\Arbiter.Infrastructure.Tests.csproj", "{ED14BE14-B4D0-4DAF-888A-5C1DDF442CF6}"
EndProject
Project("{FAE04EC0-301F-11D3-BF4B-00C04F79EFBC}") = "Arbiter.Infrastructure.Cors", "src\Arbiter.Infrastructure.Cors\Arbiter.Infrastructure.Cors.csproj", "{87B925CD-B966-4841-8769-44C7FBFA41E8}"
EndProject
Project("{FAE04EC0-301F-11D3-BF4B-00C04F79EFBC}") = "Arbiter.Infrastructure.Rewriting", "src\Arbiter.Infrastructure.Rewriting\Arbiter.Infrastructure.Rewriting.csproj", "{AC42C450-C7EF-4852-8073-D86B365E4F89}"
EndProject
Project("{FAE04EC0-301F-11D3-BF4B-00C04F79EFBC}") = "Arbiter.Api", "src\Arbiter.Api\Arbiter.Api.csproj", "{B5A915A1-8E93-4F1F-BC75-D70DCE23D45D}"
EndProject
Project("{FAE04EC0-301F-11D3-BF4B-00C04F79EFBC}") = "Arbiter.Application.Tests", "tests\Arbiter.Application.Tests\Arbiter.Application.Tests.csproj", "{A1B2C3D4-E5F6-7890-ABCD-EF1234567890}"
EndProject
Project("{FAE04EC0-301F-11D3-BF4B-00C04F79EFBC}") = "Arbiter.Http3.Tests", "tests\Arbiter.Http3.Tests\Arbiter.Http3.Tests.csproj", "{DD431EC9-5A09-4E0F-9EF9-AA30CCD0A0F4}"
EndProject
Project("{FAE04EC0-301F-11D3-BF4B-00C04F79EFBC}") = "Arbiter.Api.Tests", "tests\Arbiter.Api.Tests\Arbiter.Api.Tests.csproj", "{F33D467D-8346-403C-A8A4-1AB7482ED1FF}"
EndProject
Project("{2150E333-8FDC-42A3-9474-1A3956D46DE8}") = "samples", "samples", "{5D20AA90-6969-D8BD-9DCD-8634F4692FDA}"
EndProject
Project("{FAE04EC0-301F-11D3-BF4B-00C04F79EFBC}") = "Arbiter.Api.Sample", "samples\Arbiter.Api.Sample\Arbiter.Api.Sample.csproj", "{7F0E8E8A-756F-4351-8F83-948A9C851062}"
EndProject
Project("{FAE04EC0-301F-11D3-BF4B-00C04F79EFBC}") = "Arbiter.Infrastructure.Proxy", "src\Arbiter.Infrastructure.Proxy\Arbiter.Infrastructure.Proxy.csproj", "{DE372006-C7E9-43FA-ABEE-505D7E67E5E4}"
EndProject
Project("{FAE04EC0-301F-11D3-BF4B-00C04F79EFBC}") = "Arbiter.Transport.Unix", "src\Arbiter.Transport.Unix\Arbiter.Transport.Unix.csproj", "{23015070-1CB0-41D3-8E1A-17A4A13467B7}"
EndProject
Project("{FAE04EC0-301F-11D3-BF4B-00C04F79EFBC}") = "Arbiter.Transport.Unix.Tests", "tests\Arbiter.Transport.Unix.Tests\Arbiter.Transport.Unix.Tests.csproj", "{3A74F15E-8D00-4797-AE84-B09E68425154}"
EndProject
Global
	GlobalSection(SolutionConfigurationPlatforms) = preSolution
		Debug|Any CPU = Debug|Any CPU
		Debug|x64 = Debug|x64
		Debug|x86 = Debug|x86
		Release|Any CPU = Release|Any CPU
		Release|x64 = Release|x64
		Release|x86 = Release|x86
	EndGlobalSection
	GlobalSection(ProjectConfigurationPlatforms) = postSolution
		{6E2A037A-F173-76D7-C6EE-C6548F036C4C}.Debug|Any CPU.ActiveCfg = Debug|Any CPU
		{6E2A037A-F173-76D7-C6EE-C6548F036C4C}.Debug|Any CPU.Build.0 = Debug|Any CPU
		{6E2A037A-F173-76D7-C6EE-C6548F036C4C}.Debug|x64.ActiveCfg = Debug|Any CPU
		{6E2A037A-F173-76D7-C6EE-C6548F036C4C}.Debug|x64.Build.0 = Debug|Any CPU
		{6E2A037A-F173-76D7-C6EE-C6548F036C4C}.Debug|x86.ActiveCfg = Debug|Any CPU
		{6E2A037A-F173-76D7-C6EE-C6548F036C4C}.Debug|x86.Build.0 = Debug|Any CPU
		{6E2A037A-F173-76D7-C6EE-C6548F036C4C}.Release|Any CPU.ActiveCfg = Release|Any CPU
		{6E2A037A-F173-76D7-C6EE-C6548F036C4C}.Release|Any CPU.Build.0 = Release|Any CPU
		{6E2A037A-F173-76D7-C6EE-C6548F036C4C}.Release|x64.ActiveCfg = Release|Any CPU
		{6E2A037A-F173-76D7-C6EE-C6548F036C4C}.Release|x64.Build.0 = Release|Any CPU
		{6E2A037A-F173-76D7-C6EE-C6548F036C4C}.Release|x86.ActiveCfg = Release|Any CPU
		{6E2A037A-F173-76D7-C6EE-C6548F036C4C}.Release|x86.Build.0 = Release|Any CPU
		{FDE2628D-62F0-46EC-9C8E-8AF16DB7C3F9}.Debug|Any CPU.ActiveCfg = Debug|Any CPU
		{FDE2628D-62F0-46EC-9C8E-8AF16DB7C3F9}.Debug|Any CPU.Build.0 = Debug|Any CPU
		{FDE2628D-62F0-46EC-9C8E-8AF16DB7C3F9}.Debug|x64.ActiveCfg = Debug|Any CPU
		{FDE2628D-62F0-46EC-9C8E-8AF16DB7C3F9}.Debug|x64.Build.0 = Debug|Any CPU
		{FDE2628D-62F0-46EC-9C8E-8AF16DB7C3F9}.Debug|x86.ActiveCfg = Debug|Any CPU
		{FDE2628D-62F0-46EC-9C8E-8AF16DB7C3F9}.Debug|x86.Build.0 = Debug|Any CPU
		{FDE2628D-62F0-46EC-9C8E-8AF16DB7C3F9}.Release|Any CPU.ActiveCfg = Release|Any CPU
		{FDE2628D-62F0-46EC-9C8E-8AF16DB7C3F9}.Release|Any CPU.Build.0 = Release|Any CPU
		{FDE2628D-62F0-46EC-9C8E-8AF16DB7C3F9}.Release|x64.ActiveCfg = Release|Any CPU
		{FDE2628D-62F0-46EC-9C8E-8AF16DB7C3F9}.Release|x64.Build.0 = Release|Any CPU
		{FDE2628D-62F0-46EC-9C8E-8AF16DB7C3F9}.Release|x86.ActiveCfg = Release|Any CPU
		{FDE2628D-62F0-46EC-9C8E-8AF16DB7C3F9}.Release|x86.Build.0 = Release|Any CPU
		{B419093C-FD16-4F45-AF1C-EAD02DBA056E}.Debug|Any CPU.ActiveCfg = Debug|Any CPU
		{B419093C-FD16-4F45-AF1C-EAD02DBA056E}.Debug|Any CPU.Build.0 = Debug|Any CPU
		{B419093C-FD16-4F45-AF1C-EAD02DBA056E}.Debug|x64.ActiveCfg = Debug|Any CPU
		{B419093C-FD16-4F45-AF1C-EAD02DBA056E}.Debug|x64.Build.0 = Debug|Any CPU
		{B419093C-FD16-4F45-AF1C-EAD02DBA056E}.Debug|x86.ActiveCfg = Debug|Any CPU
		{B419093C-FD16-4F45-AF1C-EAD02DBA056E}.Debug|x86.Build.0 = Debug|Any CPU
		{B419093C-FD16-4F45-AF1C-EAD02DBA056E}.Release|Any CPU.ActiveCfg = Release|Any CPU
		{B419093C-FD16-4F45-AF1C-EAD02DBA056E}.Release|Any CPU.Build.0 = Release|Any CPU
		{B419093C-FD16-4F45-AF1C-EAD02DBA056E}.Release|x64.ActiveCfg = Release|Any CPU
		{B419093C-FD16-4F45-AF1C-EAD02DBA056E}.Release|x64.Build.0 = Release|Any CPU
		{B419093C-FD16-4F45-AF1C-EAD02DBA056E}.Release|x86.ActiveCfg = Release|Any CPU
		{B419093C-FD16-4F45-AF1C-EAD02DBA056E}.Release|x86.Build.0 = Release|Any CPU
		{7DE55D46-E6B3-4324-B124-56187F731461}.Debug|Any CPU.ActiveCfg = Debug|Any CPU
		{7DE55D46-E6B3-4324-B124-56187F731461}.Debug|Any CPU.Build.0 = Debug|Any CPU
		{7DE55D46-E6B3-4324-B124-56187F731461}.Debug|x64.ActiveCfg = Debug|Any CPU
		{7DE55D46-E6B3-4324-B124-56187F731461}.Debug|x64.Build.0 = Debug|Any CPU
		{7DE55D46-E6B3-4324-B124-56187F731461}.Debug|x86.ActiveCfg = Debug|Any CPU
		{7DE55D46-E6B3-4324-B124-56187F731461}.Debug|x86.Build.0 = Debug|Any CPU
		{7DE55D46-E6B3-4324-B124-56187F731461}.Release|Any CPU.ActiveCfg = Release|Any CPU
		{7DE55D46-E6B3-4324-B124-56187F731461}.Release|Any CPU.Build.0 = Release|Any CPU
		{7DE55D46-E6B3-4324-B124-56187F731461}.Release|x64.ActiveCfg = Release|Any CPU
		{7DE55D46-E6B3-4324-B124-56187F731461}.Release|x64.Build.0 = Release|Any CPU
		{7DE55D46-E6B3-4324-B124-56187F731461}.Release|x86.ActiveCfg = Release|Any CPU
		{7DE55D46-E6B3-4324-B124-56187F731461}.Release|x86.Build.0 = Release|Any CPU
		{C8D1A2B3-1234-5678-9ABC-DEF012345678}.Debug|Any CPU.ActiveCfg = Debug|Any CPU
		{C8D1A2B3-1234-5678-9ABC-DEF012345678}.Debug|Any CPU.Build.0 = Debug|Any CPU
		{C8D1A2B3-1234-5678-9ABC-DEF012345678}.Debug|x64.ActiveCfg = Debug|Any CPU
		{C8D1A2B3-1234-5678-9ABC-DEF012345678}.Debug|x64.Build.0 = Debug|Any CPU
		{C8D1A2B3-1234-5678-9ABC-DEF012345678}.Debug|x86.ActiveCfg = Debug|Any CPU
		{C8D1A2B3-1234-5678-9ABC-DEF012345678}.Debug|x86.Build.0 = Debug|Any CPU
		{C8D1A2B3-1234-5678-9ABC-DEF012345678}.Release|Any CPU.ActiveCfg = Release|Any CPU
		{C8D1A2B3-1234-5678-9ABC-DEF012345678}.Release|Any CPU.Build.0 = Release|Any CPU
		{C8D1A2B3-1234-5678-9ABC-DEF012345678}.Release|x64.ActiveCfg = Release|Any CPU
		{C8D1A2B3-1234-5678-9ABC-DEF012345678}.Release|x64.Build.0 = Release|Any CPU
		{C8D1A2B3-1234-5678-9ABC-DEF012345678}.Release|x86.ActiveCfg = Release|Any CPU
		{C8D1A2B3-1234-5678-9ABC-DEF012345678}.Release|x86.Build.0 = Release|Any CPU
		{4C6D1B91-EF4E-4CF2-9BAF-0708AAEB8CA5}.Debug|Any CPU.ActiveCfg = Debug|Any CPU
		{4C6D1B91-EF4E-4CF2-9BAF-0708AAEB8CA5}.Debug|Any CPU.Build.0 = Debug|Any CPU
		{4C6D1B91-EF4E-4CF2-9BAF-0708AAEB8CA5}.Debug|x64.ActiveCfg = Debug|Any CPU
		{4C6D1B91-EF4E-4CF2-9BAF-0708AAEB8CA5}.Debug|x64.Build.0 = Debug|Any CPU
		{4C6D1B91-EF4E-4CF2-9BAF-0708AAEB8CA5}.Debug|x86.ActiveCfg = Debug|Any CPU
		{4C6D1B91-EF4E-4CF2-9BAF-0708AAEB8CA5}.Debug|x86.Build.0 = Debug|Any CPU
		{4C6D1B91-EF4E-4CF2-9BAF-0708AAEB8CA5}.Release|Any CPU.ActiveCfg = Release|Any CPU
		{4C6D1B91-EF4E-4CF2-9BAF-0708AAEB8CA5}.Release|Any CPU.Build.0 = Release|Any CPU
		{4C6D1B91-EF4E-4CF2-9BAF-0708AAEB8CA5}.Release|x64.ActiveCfg = Release|Any CPU
		{4C6D1B91-EF4E-4CF2-9BAF-0708AAEB8CA5}.Release|x64.Build.0 = Release|Any CPU
		{4C6D1B91-EF4E-4CF2-9BAF-0708AAEB8CA5}.Release|x86.ActiveCfg = Release|Any CPU
		{4C6D1B91-EF4E-4CF2-9BAF-0708AAEB8CA5}.Release|x86.Build.0 = Release|Any CPU
		{F0CF71E9-D327-4054-BDAF-A3EBCB39B6C6}.Debug|Any CPU.ActiveCfg = Debug|Any CPU
		{F0CF71E9-D327-4054-BDAF-A3EBCB39B6C6}.Debug|Any CPU.Build.0 = Debug|Any CPU
		{F0CF71E9-D327-4054-BDAF-A3EBCB39B6C6}.Debug|x64.ActiveCfg = Debug|Any CPU
		{F0CF71E9-D327-4054-BDAF-A3EBCB39B6C6}.Debug|x64.Build.0 = Debug|Any CPU
		{F0CF71E9-D327-4054-BDAF-A3EBCB39B6C6}.Debug|x86.ActiveCfg = Debug|Any CPU
		{F0CF71E9-D327-4054-BDAF-A3EBCB39B6C6}.Debug|x86.Build.0 = Debug|Any CPU
		{F0CF71E9-D327-4054-BDAF-A3EBCB39B6C6}.Release|Any CPU.ActiveCfg = Release|Any CPU
		{F0CF71E9-D327-4054-BDAF-A3EBCB39B6C6}.Release|Any CPU.Build.0 = Release|Any CPU
		{F0CF71E9-D327-4054-BDAF-A3EBCB39B6C6}.Release|x64.ActiveCfg = Release|Any CPU
		{F0CF71E9-D327-4054-BDAF-A3EBCB39B6C6}.Release|x64.Build.0 = Release|Any CPU
		{F0CF71E9-D327-4054-BDAF-A3EBCB39B6C6}.Release|x86.ActiveCfg = Release|Any CPU
		{F0CF71E9-D327-4054-BDAF-A3EBCB39B6C6}.Release|x86.Build.0 = Release|Any CPU
		{13559B31-3E40-4CC5-9824-22D57DF441CD}.Debug|Any CPU.ActiveCfg = Debug|Any CPU
		{13559B31-3E40-4CC5-9824-22D57DF441CD}.Debug|Any CPU.Build.0 = Debug|Any CPU
		{13559B31-3E40-4CC5-9824-22D57DF441CD}.Debug|x64.ActiveCfg = Debug|Any CPU
		{13559B31-3E40-4CC5-9824-22D57DF441CD}.Debug|x64.Build.0 = Debug|Any CPU
		{13559B31-3E40-4CC5-9824-22D57DF441CD}.Debug|x86.ActiveCfg = Debug|Any CPU
		{13559B31-3E40-4CC5-9824-22D57DF441CD}.Debug|x86.Build.0 = Debug|Any CPU
		{13559B31-3E40-4CC5-9824-22D57DF441CD}.Release|Any CPU.ActiveCfg = Release|Any CPU
		{13559B31-3E40-4CC5-9824-22D57DF441CD}.Release|Any CPU.Build.0 = Release|Any CPU
		{13559B31-3E40-4CC5-9824-22D57DF441CD}.Release|x64.ActiveCfg = Release|Any CPU
		{13559B31-3E40-4CC5-9824-22D57DF441CD}.Release|x64.Build.0 = Release|Any CPU
		{13559B31-3E40-4CC5-9824-22D57DF441CD}.Release|x86.ActiveCfg = Release|Any CPU
		{13559B31-3E40-4CC5-9824-22D57DF441CD}.Release|x86.Build.0 = Release|Any CPU
		{8F210196-2077-4F34-9B06-1D49D5720ACE}.Debug|Any CPU.ActiveCfg = Debug|Any CPU
		{8F210196-2077-4F34-9B06-1D49D5720ACE}.Debug|Any CPU.Build.0 = Debug|Any CPU
		{8F210196-2077-4F34-9B06-1D49D5720ACE}.Debug|x64.ActiveCfg = Debug|Any CPU
		{8F210196-2077-4F34-9B06-1D49D5720ACE}.Debug|x64.Build.0 = Debug|Any CPU
		{8F210196-2077-4F34-9B06-1D49D5720ACE}.Debug|x86.ActiveCfg = Debug|Any CPU
		{8F210196-2077-4F34-9B06-1D49D5720ACE}.Debug|x86.Build.0 = Debug|Any CPU
		{8F210196-2077-4F34-9B06-1D49D5720ACE}.Release|Any CPU.ActiveCfg = Release|Any CPU
		{8F210196-2077-4F34-9B06-1D49D5720ACE}.Release|Any CPU.Build.0 = Release|Any CPU
		{8F210196-2077-4F34-9B06-1D49D5720ACE}.Release|x64.ActiveCfg = Release|Any CPU
		{8F210196-2077-4F34-9B06-1D49D5720ACE}.Release|x64.Build.0 = Release|Any CPU
		{8F210196-2077-4F34-9B06-1D49D5720ACE}.Release|x86.ActiveCfg = Release|Any CPU
		{8F210196-2077-4F34-9B06-1D49D5720ACE}.Release|x86.Build.0 = Release|Any CPU
		{0F45D988-EC32-4500-A7DC-A3265DC6B73C}.Debug|Any CPU.ActiveCfg = Debug|Any CPU
		{0F45D988-EC32-4500-A7DC-A3265DC6B73C}.Debug|Any CPU.Build.0 = Debug|Any CPU
		{0F45D988-EC32-4500-A7DC-A3265DC6B73C}.Debug|x64.ActiveCfg = Debug|Any CPU
		{0F45D988-EC32-4500-A7DC-A3265DC6B73C}.Debug|x64.Build.0 = Debug|Any CPU
		{0F45D988-EC32-4500-A7DC-A3265DC6B73C}.Debug|x86.ActiveCfg = Debug|Any CPU
		{0F45D988-EC32-4500-A7DC-A3265DC6B73C}.Debug|x86.Build.0 = Debug|Any CPU
		{0F45D988-EC32-4500-A7DC-A3265DC6B73C}.Release|Any CPU.ActiveCfg = Release|Any CPU
		{0F45D988-EC32-4500-A7DC-A3265DC6B73C}.Release|Any CPU.Build.0 = Release|Any CPU
		{0F45D988-EC32-4500-A7DC-A3265DC6B73C}.Release|x64.ActiveCfg = Release|Any CPU
		{0F45D988-EC32-4500-A7DC-A3265DC6B73C}.Release|x64.Build.0 = Release|Any CPU
		{0F45D988-EC32-4500-A7DC-A3265DC6B73C}.Release|x86.ActiveCfg = Release|Any CPU
		{0F45D988-EC32-4500-A7DC-A3265DC6B73C}.Release|x86.Build.0 = Release|Any CPU
		{BE0DBEE6-0E80-4589-B9A4-4E84A068F944}.Debug|Any CPU.ActiveCfg = Debug|Any CPU
		{BE0DBEE6-0E80-4589-B9A4-4E84A068F944}.Debug|Any CPU.Build.0 = Debug|Any CPU
		{BE0DBEE6-0E80-4589-B9A4-4E84A068F944}.Debug|x64.ActiveCfg = Debug|Any CPU
		{BE0DBEE6-0E80-4589-B9A4-4E84A068F944}.Debug|x64.Build.0 = Debug|Any CPU
		{BE0DBEE6-0E80-4589-B9A4-4E84A068F944}.Debug|x86.ActiveCfg = Debug|Any CPU
		{BE0DBEE6-0E80-4589-B9A4-4E84A068F944}.Debug|x86.Build.0 = Debug|Any CPU
		{BE0DBEE6-0E80-4589-B9A4-4E84A068F944}.Release|Any CPU.ActiveCfg = Release|Any CPU
		{BE0DBEE6-0E80-4589-B9A4-4E84A068F944}.Release|Any CPU.Build.0 = Release|Any CPU
		{BE0DBEE6-0E80-4589-B9A4-4E84A068F944}.Release|x64.ActiveCfg = Release|Any CPU
		{BE0DBEE6-0E80-4589-B9A4-4E84A068F944}.Release|x64.Build.0 = Release|Any CPU
		{BE0DBEE6-0E80-4589-B9A4-4E84A068F944}.Release|x86.ActiveCfg = Release|Any CPU
		{BE0DBEE6-0E80-4589-B9A4-4E84A068F944}.Release|x86.Build.0 = Release|Any CPU
		{DFE24D60-9716-4A7A-BD67-AE7D09AC4EB9}.Debug|Any CPU.ActiveCfg = Debug|Any CPU
		{DFE24D60-9716-4A7A-BD67-AE7D09AC4EB9}.Debug|Any CPU.Build.0 = Debug|Any CPU
		{DFE24D60-9716-4A7A-BD67-AE7D09AC4EB9}.Debug|x64.ActiveCfg = Debug|Any CPU
		{DFE24D60-9716-4A7A-BD67-AE7D09AC4EB9}.Debug|x64.Build.0 = Debug|Any CPU
		{DFE24D60-9716-4A7A-BD67-AE7D09AC4EB9}.Debug|x86.ActiveCfg = Debug|Any CPU
		{DFE24D60-9716-4A7A-BD67-AE7D09AC4EB9}.Debug|x86.Build.0 = Debug|Any CPU
		{DFE24D60-9716-4A7A-BD67-AE7D09AC4EB9}.Release|Any CPU.ActiveCfg = Release|Any CPU
		{DFE24D60-9716-4A7A-BD67-AE7D09AC4EB9}.Release|Any CPU.Build.0 = Release|Any CPU
		{DFE24D60-9716-4A7A-BD67-AE7D09AC4EB9}.Release|x64.ActiveCfg = Release|Any CPU
		{DFE24D60-9716-4A7A-BD67-AE7D09AC4EB9}.Release|x64.Build.0 = Release|Any CPU
		{DFE24D60-9716-4A7A-BD67-AE7D09AC4EB9}.Release|x86.ActiveCfg = Release|Any CPU
		{DFE24D60-9716-4A7A-BD67-AE7D09AC4EB9}.Release|x86.Build.0 = Release|Any CPU
		{ED14BE14-B4D0-4DAF-888A-5C1DDF442CF6}.Debug|Any CPU.ActiveCfg = Debug|Any CPU
		{ED14BE14-B4D0-4DAF-888A-5C1DDF442CF6}.Debug|Any CPU.Build.0 = Debug|Any CPU
		{ED14BE14-B4D0-4DAF-888A-5C1DDF442CF6}.Debug|x64.ActiveCfg = Debug|Any CPU
		{ED14BE14-B4D0-4DAF-888A-5C1DDF442CF6}.Debug|x64.Build.0 = Debug|Any CPU
		{ED14BE14-B4D0-4DAF-888A-5C1DDF442CF6}.Debug|x86.ActiveCfg = Debug|Any CPU
		{ED14BE14-B4D0-4DAF-888A-5C1DDF442CF6}.Debug|x86.Build.0 = Debug|Any CPU
		{ED14BE14-B4D0-4DAF-888A-5C1DDF442CF6}.Release|Any CPU.ActiveCfg = Release|Any CPU
		{ED14BE14-B4D0-4DAF-888A-5C1DDF442CF6}.Release|Any CPU.Build.0 = Release|Any CPU
		{ED14BE14-B4D0-4DAF-888A-5C1DDF442CF6}.Release|x64.ActiveCfg = Release|Any CPU
		{ED14BE14-B4D0-4DAF-888A-5C1DDF442CF6}.Release|x64.Build.0 = Release|Any CPU
		{ED14BE14-B4D0-4DAF-888A-5C1DDF442CF6}.Release|x86.ActiveCfg = Release|Any CPU
		{ED14BE14-B4D0-4DAF-888A-5C1DDF442CF6}.Release|x86.Build.0 = Release|Any CPU
		{87B925CD-B966-4841-8769-44C7FBFA41E8}.Debug|Any CPU.ActiveCfg = Debug|Any CPU
		{87B925CD-B966-4841-8769-44C7FBFA41E8}.Debug|Any CPU.Build.0 = Debug|Any CPU
		{87B925CD-B966-4841-8769-44C7FBFA41E8}.Debug|x64.ActiveCfg = Debug|Any CPU
		{87B925CD-B966-4841-8769-44C7FBFA41E8}.Debug|x64.Build.0 = Debug|Any CPU
		{87B925CD-B966-4841-8769-44C7FBFA41E8}.Debug|x86.ActiveCfg = Debug|Any CPU
		{87B925CD-B966-4841-8769-44C7FBFA41E8}.Debug|x86.Build.0 = Debug|Any CPU
		{87B925CD-B966-4841-8769-44C7FBFA41E8}.Release|Any CPU.ActiveCfg = Release|Any CPU
		{87B925CD-B966-4841-8769-44C7FBFA41E8}.Release|Any CPU.Build.0 = Release|Any CPU
		{87B925CD-B966-4841-8769-44C7FBFA41E8}.Release|x64.ActiveCfg = Release|Any CPU
		{87B925CD-B966-4841-8769-44C7FBFA41E8}.Release|x64.Build.0 = Release|Any CPU
		{87B925CD-B966-4841-8769-44C7FBFA41E8}.Release|x86.ActiveCfg = Release|Any CPU
		{87B925CD-B966-4841-8769-44C7FBFA41E8}.Release|x86.Build.0 = Release|Any CPU
		{AC42C450-C7EF-4852-8073-D86B365E4F89}.Debug|Any CPU.ActiveCfg = Debug|Any CPU
		{AC42C450-C7EF-4852-8073-D86B365E4F89}.Debug|Any CPU.Build.0 = Debug|Any CPU
		{AC42C450-C7EF-4852-8073-D86B365E4F89}.Debug|x64.ActiveCfg = Debug|Any CPU
		{AC42C450-C7EF-4852-8073-D86B365E4F89}.Debug|x64.Build.0 = Debug|Any CPU
		{AC42C450-C7EF-4852-8073-D86B365E4F89}.Debug|x86.ActiveCfg = Debug|Any CPU
		{AC42C450-C7EF-4852-8073-D86B365E4F89}.Debug|x86.Build.0 = Debug|Any CPU
		{AC42C450-C7EF-4852-8073-D86B365E4F89}.Release|Any CPU.ActiveCfg = Release|Any CPU
		{AC42C450-C7EF-4852-8073-D86B365E4F89}.Release|Any CPU.Build.0 = Release|Any CPU
		{AC42C450-C7EF-4852-8073-D86B365E4F89}.Release|x64.ActiveCfg = Release|Any CPU
		{AC42C450-C7EF-4852-8073-D86B365E4F89}.Release|x64.Build.0 = Release|Any CPU
		{AC42C450-C7EF-4852-8073-D86B365E4F89}.Release|x86.ActiveCfg = Release|Any CPU
		{AC42C450-C7EF-4852-8073-D86B365E4F89}.Release|x86.Build.0 = Release|Any CPU
		{B5A915A1-8E93-4F1F-BC75-D70DCE23D45D}.Debug|Any CPU.ActiveCfg = Debug|Any CPU
		{B5A915A1-8E93-4F1F-BC75-D70DCE23D45D}.Debug|Any CPU.Build.0 = Debug|Any CPU
		{B5A915A1-8E93-4F1F-BC75-D70DCE23D45D}.Debug|x64.ActiveCfg = Debug|Any CPU
		{B5A915A1-8E93-4F1F-BC75-D70DCE23D45D}.Debug|x64.Build.0 = Debug|Any CPU
		{B5A915A1-8E93-4F1F-BC75-D70DCE23D45D}.Debug|x86.ActiveCfg = Debug|Any CPU
		{B5A915A1-8E93-4F1F-BC75-D70DCE23D45D}.Debug|x86.Build.0 = Debug|Any CPU
		{B5A915A1-8E93-4F1F-BC75-D70DCE23D45D}.Release|Any CPU.ActiveCfg = Release|Any CPU
		{B5A915A1-8E93-4F1F-BC75-D70DCE23D45D}.Release|Any CPU.Build.0 = Release|Any CPU
		{B5A915A1-8E93-4F1F-BC75-D70DCE23D45D}.Release|x64.ActiveCfg = Release|Any CPU
		{B5A915A1-8E93-4F1F-BC75-D70DCE23D45D}.Release|x64.Build.0 = Release|Any CPU
		{B5A915A1-8E93-4F1F-BC75-D70DCE23D45D}.Release|x86.ActiveCfg = Release|Any CPU
		{B5A915A1-8E93-4F1F-BC75-D70DCE23D45D}.Release|x86.Build.0 = Release|Any CPU
		{A1B2C3D4-E5F6-7890-ABCD-EF1234567890}.Debug|Any CPU.ActiveCfg = Debug|Any CPU
		{A1B2C3D4-E5F6-7890-ABCD-EF1234567890}.Debug|Any CPU.Build.0 = Debug|Any CPU
		{A1B2C3D4-E5F6-7890-ABCD-EF1234567890}.Debug|x64.ActiveCfg = Debug|Any CPU
		{A1B2C3D4-E5F6-7890-ABCD-EF1234567890}.Debug|x64.Build.0 = Debug|Any CPU
		{A1B2C3D4-E5F6-7890-ABCD-EF1234567890}.Debug|x86.ActiveCfg = Debug|Any CPU
		{A1B2C3D4-E5F6-7890-ABCD-EF1234567890}.Debug|x86.Build.0 = Debug|Any CPU
		{A1B2C3D4-E5F6-7890-ABCD-EF1234567890}.Release|Any CPU.ActiveCfg = Release|Any CPU
		{A1B2C3D4-E5F6-7890-ABCD-EF1234567890}.Release|Any CPU.Build.0 = Release|Any CPU
		{A1B2C3D4-E5F6-7890-ABCD-EF1234567890}.Release|x64.ActiveCfg = Release|Any CPU
		{A1B2C3D4-E5F6-7890-ABCD-EF1234567890}.Release|x64.Build.0 = Release|Any CPU
		{A1B2C3D4-E5F6-7890-ABCD-EF1234567890}.Release|x86.ActiveCfg = Release|Any CPU
		{A1B2C3D4-E5F6-7890-ABCD-EF1234567890}.Release|x86.Build.0 = Release|Any CPU
		{DD431EC9-5A09-4E0F-9EF9-AA30CCD0A0F4}.Debug|Any CPU.ActiveCfg = Debug|Any CPU
		{DD431EC9-5A09-4E0F-9EF9-AA30CCD0A0F4}.Debug|Any CPU.Build.0 = Debug|Any CPU
		{DD431EC9-5A09-4E0F-9EF9-AA30CCD0A0F4}.Debug|x64.ActiveCfg = Debug|Any CPU
		{DD431EC9-5A09-4E0F-9EF9-AA30CCD0A0F4}.Debug|x64.Build.0 = Debug|Any CPU
		{DD431EC9-5A09-4E0F-9EF9-AA30CCD0A0F4}.Debug|x86.ActiveCfg = Debug|Any CPU
		{DD431EC9-5A09-4E0F-9EF9-AA30CCD0A0F4}.Debug|x86.Build.0 = Debug|Any CPU
		{DD431EC9-5A09-4E0F-9EF9-AA30CCD0A0F4}.Release|Any CPU.ActiveCfg = Release|Any CPU
		{DD431EC9-5A09-4E0F-9EF9-AA30CCD0A0F4}.Release|Any CPU.Build.0 = Release|Any CPU
		{DD431EC9-5A09-4E0F-9EF9-AA30CCD0A0F4}.Release|x64.ActiveCfg = Release|Any CPU
		{DD431EC9-5A09-4E0F-9EF9-AA30CCD0A0F4}.Release|x64.Build.0 = Release|Any CPU
		{DD431EC9-5A09-4E0F-9EF9-AA30CCD0A0F4}.Release|x86.ActiveCfg = Release|Any CPU
		{DD431EC9-5A09-4E0F-9EF9-AA30CCD0A0F4}.Release|x86.Build.0 = Release|Any CPU
		{F33D467D-8346-403C-A8A4-1AB7482ED1FF}.Debug|Any CPU.ActiveCfg = Debug|Any CPU
		{F33D467D-8346-403C-A8A4-1AB7482ED1FF}.Debug|Any CPU.Build.0 = Debug|Any CPU
		{F33D467D-8346-403C-A8A4-1AB7482ED1FF}.Debug|x64.ActiveCfg = Debug|Any CPU
		{F33D467D-8346-403C-A8A4-1AB7482ED1FF}.Debug|x64.Build.0 = Debug|Any CPU
		{F33D467D-8346-403C-A8A4-1AB7482ED1FF}.Debug|x86.ActiveCfg = Debug|Any CPU
		{F33D467D-8346-403C-A8A4-1AB7482ED1FF}.Debug|x86.Build.0 = Debug|Any CPU
		{F33D467D-8346-403C-A8A4-1AB7482ED1FF}.Release|Any CPU.ActiveCfg = Release|Any CPU
		{F33D467D-8346-403C-A8A4-1AB7482ED1FF}.Release|Any CPU.Build.0 = Release|Any CPU
		{F33D467D-8346-403C-A8A4-1AB7482ED1FF}.Release|x64.ActiveCfg = Release|Any CPU
		{F33D467D-8346-403C-A8A4-1AB7482ED1FF}.Release|x64.Build.0 = Release|Any CPU
		{F33D467D-8346-403C-A8A4-1AB7482ED1FF}.Release|x86.ActiveCfg = Release|Any CPU
		{F33D467D-8346-403C-A8A4-1AB7482ED1FF}.Release|x86.Build.0 = Release|Any CPU
		{7F0E8E8A-756F-4351-8F83-948A9C851062}.Debug|Any CPU.ActiveCfg = Debug|Any CPU
		{7F0E8E8A-756F-4351-8F83-948A9C851062}.Debug|Any CPU.Build.0 = Debug|Any CPU
		{7F0E8E8A-756F-4351-8F83-948A9C851062}.Debug|x64.ActiveCfg = Debug|Any CPU
		{7F0E8E8A-756F-4351-8F83-948A9C851062}.Debug|x64.Build.0 = Debug|Any CPU
		{7F0E8E8A-756F-4351-8F83-948A9C851062}.Debug|x86.ActiveCfg = Debug|Any CPU
		{7F0E8E8A-756F-4351-8F83-948A9C851062}.Debug|x86.Build.0 = Debug|Any CPU
		{7F0E8E8A-756F-4351-8F83-948A9C851062}.Release|Any CPU.ActiveCfg = Release|Any CPU
		{7F0E8E8A-756F-4351-8F83-948A9C851062}.Release|Any CPU.Build.0 = Release|Any CPU
		{7F0E8E8A-756F-4351-8F83-948A9C851062}.Release|x64.ActiveCfg = Release|Any CPU
		{7F0E8E8A-756F-4351-8F83-948A9C851062}.Release|x64.Build.0 = Release|Any CPU
		{7F0E8E8A-756F-4351-8F83-948A9C851062}.Release|x86.ActiveCfg = Release|Any CPU
		{7F0E8E8A-756F-4351-8F83-948A9C851062}.Release|x86.Build.0 = Release|Any CPU
		{DE372006-C7E9-43FA-ABEE-505D7E67E5E4}.Debug|Any CPU.ActiveCfg = Debug|Any CPU
		{DE372006-C7E9-43FA-ABEE-505D7E67E5E4}.Debug|Any CPU.Build.0 = Debug|Any CPU
		{DE372006-C7E9-43FA-ABEE-505D7E67E5E4}.Debug|x64.ActiveCfg = Debug|Any CPU
		{DE372006-C7E9-43FA-ABEE-505D7E67E5E4}.Debug|x64.Build.0 = Debug|Any CPU
		{DE372006-C7E9-43FA-ABEE-505D7E67E5E4}.Debug|x86.ActiveCfg = Debug|Any CPU
		{DE372006-C7E9-43FA-ABEE-505D7E67E5E4}.Debug|x86.Build.0 = Debug|Any CPU
		{DE372006-C7E9-43FA-ABEE-505D7E67E5E4}.Release|Any CPU.ActiveCfg = Release|Any CPU
		{DE372006-C7E9-43FA-ABEE-505D7E67E5E4}.Release|Any CPU.Build.0 = Release|Any CPU
		{DE372006-C7E9-43FA-ABEE-505D7E67E5E4}.Release|x64.ActiveCfg = Release|Any CPU
		{DE372006-C7E9-43FA-ABEE-505D7E67E5E4}.Release|x64.Build.0 = Release|Any CPU
		{DE372006-C7E9-43FA-ABEE-505D7E67E5E4}.Release|x86.ActiveCfg = Release|Any CPU
		{DE372006-C7E9-43FA-ABEE-505D7E67E5E4}.Release|x86.Build.0 = Release|Any CPU
		{23015070-1CB0-41D3-8E1A-17A4A13467B7}.Debug|Any CPU.ActiveCfg = Debug|Any CPU
		{23015070-1CB0-41D3-8E1A-17A4A13467B7}.Debug|Any CPU.Build.0 = Debug|Any CPU
		{23015070-1CB0-41D3-8E1A-17A4A13467B7}.Debug|x64.ActiveCfg = Debug|Any CPU
		{23015070-1CB0-41D3-8E1A-17A4A13467B7}.Debug|x64.Build.0 = Debug|Any CPU
		{23015070-1CB0-41D3-8E1A-17A4A13467B7}.Debug|x86.ActiveCfg = Debug|Any CPU
		{23015070-1CB0-41D3-8E1A-17A4A13467B7}.Debug|x86.Build.0 = Debug|Any CPU
		{23015070-1CB0-41D3-8E1A-17A4A13467B7}.Release|Any CPU.ActiveCfg = Release|Any CPU
		{23015070-1CB0-41D3-8E1A-17A4A13467B7}.Release|Any CPU.Build.0 = Release|Any CPU
		{23015070-1CB0-41D3-8E1A-17A4A13467B7}.Release|x64.ActiveCfg = Release|Any CPU
		{23015070-1CB0-41D3-8E1A-17A4A13467B7}.Release|x64.Build.0 = Release|Any CPU
		{23015070-1CB0-41D3-8E1A-17A4A13467B7}.Release|x86.ActiveCfg = Release|Any CPU
		{23015070-1CB0-41D3-8E1A-17A4A13467B7}.Release|x86.Build.0 = Release|Any CPU
		{3A74F15E-8D00-4797-AE84-B09E68425154}.Debug|Any CPU.ActiveCfg = Debug|Any CPU
		{3A74F15E-8D00-4797-AE84-B09E68425154}.Debug|Any CPU.Build.0 = Debug|Any CPU
		{3A74F15E-8D00-4797-AE84-B09E68425154}.Debug|x64.ActiveCfg = Debug|Any CPU
		{3A74F15E-8D00-4797-AE84-B09E68425154}.Debug|x64.Build.0 = Debug|Any CPU
		{3A74F15E-8D00-4797-AE84-B09E68425154}.Debug|x86.ActiveCfg = Debug|Any CPU
		{3A74F15E-8D00-4797-AE84-B09E68425154}.Debug|x86.Build.0 = Debug|Any CPU
		{3A74F15E-8D00-4797-AE84-B09E68425154}.Release|Any CPU.ActiveCfg = Release|Any CPU
		{3A74F15E-8D00-4797-AE84-B09E68425154}.Release|Any CPU.Build.0 = Release|Any CPU
		{3A74F15E-8D00-4797-AE84-B09E68425154}.Release|x64.ActiveCfg = Release|Any CPU
		{3A74F15E-8D00-4797-AE84-B09E68425154}.Release|x64.Build.0 = Release|Any CPU
		{3A74F15E-8D00-4797-AE84-B09E68425154}.Release|x86.ActiveCfg = Release|Any CPU
		{3A74F15E-8D00-4797-AE84-B09E68425154}.Release|x86.Build.0 = Release|Any CPU
	EndGlobalSection
	GlobalSection(SolutionProperties) = preSolution
		HideSolutionNode = FALSE
	EndGlobalSection
	GlobalSection(NestedProjects) = preSolution
		{6E2A037A-F173-76D7-C6EE-C6548F036C4C} = {827E0CD3-B72D-47B6-A68D-7590B98EB39B}
		{FDE2628D-62F0-46EC-9C8E-8AF16DB7C3F9} = {827E0CD3-B72D-47B6-A68D-7590B98EB39B}
		{B419093C-FD16-4F45-AF1C-EAD02DBA056E} = {0AB3BF05-4346-4AA6-1389-037BE0695223}
		{7DE55D46-E6B3-4324-B124-56187F731461} = {827E0CD3-B72D-47B6-A68D-7590B98EB39B}
		{C8D1A2B3-1234-5678-9ABC-DEF012345678} = {827E0CD3-B72D-47B6-A68D-7590B98EB39B}
		{4C6D1B91-EF4E-4CF2-9BAF-0708AAEB8CA5} = {827E0CD3-B72D-47B6-A68D-7590B98EB39B}
		{F0CF71E9-D327-4054-BDAF-A3EBCB39B6C6} = {827E0CD3-B72D-47B6-A68D-7590B98EB39B}
		{13559B31-3E40-4CC5-9824-22D57DF441CD} = {827E0CD3-B72D-47B6-A68D-7590B98EB39B}
		{8F210196-2077-4F34-9B06-1D49D5720ACE} = {827E0CD3-B72D-47B6-A68D-7590B98EB39B}
		{0F45D988-EC32-4500-A7DC-A3265DC6B73C} = {827E0CD3-B72D-47B6-A68D-7590B98EB39B}
		{BE0DBEE6-0E80-4589-B9A4-4E84A068F944} = {827E0CD3-B72D-47B6-A68D-7590B98EB39B}
		{DFE24D60-9716-4A7A-BD67-AE7D09AC4EB9} = {0AB3BF05-4346-4AA6-1389-037BE0695223}
		{ED14BE14-B4D0-4DAF-888A-5C1DDF442CF6} = {0AB3BF05-4346-4AA6-1389-037BE0695223}
		{87B925CD-B966-4841-8769-44C7FBFA41E8} = {827E0CD3-B72D-47B6-A68D-7590B98EB39B}
		{AC42C450-C7EF-4852-8073-D86B365E4F89} = {827E0CD3-B72D-47B6-A68D-7590B98EB39B}
		{B5A915A1-8E93-4F1F-BC75-D70DCE23D45D} = {827E0CD3-B72D-47B6-A68D-7590B98EB39B}
		{A1B2C3D4-E5F6-7890-ABCD-EF1234567890} = {0AB3BF05-4346-4AA6-1389-037BE0695223}
		{DD431EC9-5A09-4E0F-9EF9-AA30CCD0A0F4} = {0AB3BF05-4346-4AA6-1389-037BE0695223}
		{F33D467D-8346-403C-A8A4-1AB7482ED1FF} = {0AB3BF05-4346-4AA6-1389-037BE0695223}
		{7F0E8E8A-756F-4351-8F83-948A9C851062} = {5D20AA90-6969-D8BD-9DCD-8634F4692FDA}
		{DE372006-C7E9-43FA-ABEE-505D7E67E5E4} = {827E0CD3-B72D-47B6-A68D-7590B98EB39B}
		{23015070-1CB0-41D3-8E1A-17A4A13467B7} = {827E0CD3-B72D-47B6-A68D-7590B98EB39B}
		{3A74F15E-8D00-4797-AE84-B09E68425154} = {0AB3BF05-4346-4AA6-1389-037BE0695223}
	EndGlobalSection
	GlobalSection(ExtensibilityGlobals) = postSolution
		SolutionGuid = {BD80FAFF-D323-48A3-B127-7D7C9EB39A7B}
	EndGlobalSection
EndGlobal
