Microsoft Visual Studio Solution File, Format Version 12.00
# Visual Studio Version 17
VisualStudioVersion = 17.5.2.0
MinimumVisualStudioVersion = 10.0.40219.1
Project("{2150E333-8FDC-42A3-9474-1A3956D46DE8}") = "tests", "tests", "{0AB3BF05-4346-4AA6-1389-037BE0695223}"
EndProject
Project("{2150E333-8FDC-42A3-9474-1A3956D46DE8}") = "src", "src", "{827E0CD3-B72D-47B6-A68D-7590B98EB39B}"
EndProject
Project("{FAE04EC0-301F-11D3-BF4B-00C04F79EFBC}") = "Arbiter", "src\Arbiter\Arbiter.csproj", "{6E2A037A-F173-76D7-C6EE-C6548F036C4C}"
EndProject
Project("{FAE04EC0-301F-11D3-BF4B-00C04F79EFBC}") = "Arbiter.Protocol.QPack", "src\Arbiter.Protocol.QPack\Arbiter.Protocol.QPack.csproj", "{FDE2628D-62F0-46EC-9C8E-8AF16DB7C3F9}"
EndProject
Project("{FAE04EC0-301F-11D3-BF4B-00C04F79EFBC}") = "Arbiter.Protocol.QPack.Tests", "tests\Arbiter.Protocol.QPack.Tests\Arbiter.Protocol.QPack.Tests.csproj", "{B419093C-FD16-4F45-AF1C-EAD02DBA056E}"
EndProject
Project("{FAE04EC0-301F-11D3-BF4B-00C04F79EFBC}") = "Arbiter.Transport.Tcp", "src\Arbiter.Transport.Tcp\Arbiter.Transport.Tcp.csproj", "{7DE55D46-E6B3-4324-B124-56187F731461}"
EndProject
Project("{FAE04EC0-301F-11D3-BF4B-00C04F79EFBC}") = "Arbiter.Infrastructure", "src\Arbiter.Infrastructure\Arbiter.Infrastructure.csproj", "{4C6D1B91-EF4E-4CF2-9BAF-0708AAEB8CA5}"
EndProject
Project("{FAE04EC0-301F-11D3-BF4B-00C04F79EFBC}") = "Arbiter.Application", "src\Arbiter.Application\Arbiter.Application.csproj", "{F0CF71E9-D327-4054-BDAF-A3EBCB39B6C6}"
EndProject
Project("{FAE04EC0-301F-11D3-BF4B-00C04F79EFBC}") = "Arbiter.Domain", "src\Arbiter.Domain\Arbiter.Domain.csproj", "{13559B31-3E40-4CC5-9824-22D57DF441CD}"
EndProject
Project("{FAE04EC0-301F-11D3-BF4B-00C04F79EFBC}") = "Arbiter.Infrastructure.Acme", "src\Arbiter.Infrastructure.Acme\Arbiter.Infrastructure.Acme.csproj", "{8F210196-2077-4F34-9B06-1D49D5720ACE}"
EndProject
Project("{FAE04EC0-301F-11D3-BF4B-00C04F79EFBC}") = "Arbiter.Transport.Quic", "src\Arbiter.Transport.Quic\Arbiter.Transport.Quic.csproj", "{0F45D988-EC32-4500-A7DC-A3265DC6B73C}"
EndProject
Project("{FAE04EC0-301F-11D3-BF4B-00C04F79EFBC}") = "Arbiter.Protocol.Http3", "src\Arbiter.Protocol.Http3\Arbiter.Protocol.Http3.csproj", "{BE0DBEE6-0E80-4589-B9A4-4E84A068F944}"
EndProject
Project("{FAE04EC0-301F-11D3-BF4B-00C04F79EFBC}") = "Arbiter.Protocol.Http3.Tests", "tests\Arbiter.Protocol.Http3.Tests\Arbiter.Protocol.Http3.Tests.csproj", "{DFE24D60-9716-4A7A-BD67-AE7D09AC4EB9}"
EndProject
Project("{FAE04EC0-301F-11D3-BF4B-00C04F79EFBC}") = "Arbiter.Infrastructure.Proxy", "src\Arbiter.Infrastructure.Proxy\Arbiter.Infrastructure.Proxy.csproj", "{E2172B5B-E5B8-4922-A746-F34863C59C24}"
EndProject
Project("{FAE04EC0-301F-11D3-BF4B-00C04F79EFBC}") = "Arbiter.Infrastructure.Tests", "tests\Arbiter.Infrastructure.Tests\Arbiter.Infrastructure.Tests.csproj", "{ED14BE14-B4D0-4DAF-888A-5C1DDF442CF6}"
EndProject
Project("{FAE04EC0-301F-11D3-BF4B-00C04F79EFBC}") = "Arbiter.Infrastructure.Cors", "src\Arbiter.Infrastructure.Cors\Arbiter.Infrastructure.Cors.csproj", "{87B925CD-B966-4841-8769-44C7FBFA41E8}"
EndProject
Global
	GlobalSection(SolutionConfigurationPlatforms) = preSolution
		Debug|Any CPU = Debug|Any CPU
		Release|Any CPU = Release|Any CPU
	EndGlobalSection
	GlobalSection(ProjectConfigurationPlatforms) = postSolution
		{6E2A037A-F173-76D7-C6EE-C6548F036C4C}.Debug|Any CPU.ActiveCfg = Debug|Any CPU
		{6E2A037A-F173-76D7-C6EE-C6548F036C4C}.Debug|Any CPU.Build.0 = Debug|Any CPU
		{6E2A037A-F173-76D7-C6EE-C6548F036C4C}.Release|Any CPU.ActiveCfg = Release|Any CPU
		{6E2A037A-F173-76D7-C6EE-C6548F036C4C}.Release|Any CPU.Build.0 = Release|Any CPU
		{FDE2628D-62F0-46EC-9C8E-8AF16DB7C3F9}.Debug|Any CPU.ActiveCfg = Debug|Any CPU
		{FDE2628D-62F0-46EC-9C8E-8AF16DB7C3F9}.Debug|Any CPU.Build.0 = Debug|Any CPU
		{FDE2628D-62F0-46EC-9C8E-8AF16DB7C3F9}.Release|Any CPU.ActiveCfg = Release|Any CPU
		{FDE2628D-62F0-46EC-9C8E-8AF16DB7C3F9}.Release|Any CPU.Build.0 = Release|Any CPU
		{B419093C-FD16-4F45-AF1C-EAD02DBA056E}.Debug|Any CPU.ActiveCfg = Debug|Any CPU
		{B419093C-FD16-4F45-AF1C-EAD02DBA056E}.Debug|Any CPU.Build.0 = Debug|Any CPU
		{B419093C-FD16-4F45-AF1C-EAD02DBA056E}.Release|Any CPU.ActiveCfg = Release|Any CPU
		{B419093C-FD16-4F45-AF1C-EAD02DBA056E}.Release|Any CPU.Build.0 = Release|Any CPU
		{7DE55D46-E6B3-4324-B124-56187F731461}.Debug|Any CPU.ActiveCfg = Debug|Any CPU
		{7DE55D46-E6B3-4324-B124-56187F731461}.Debug|Any CPU.Build.0 = Debug|Any CPU
		{7DE55D46-E6B3-4324-B124-56187F731461}.Release|Any CPU.ActiveCfg = Release|Any CPU
		{7DE55D46-E6B3-4324-B124-56187F731461}.Release|Any CPU.Build.0 = Release|Any CPU
		{4C6D1B91-EF4E-4CF2-9BAF-0708AAEB8CA5}.Debug|Any CPU.ActiveCfg = Debug|Any CPU
		{4C6D1B91-EF4E-4CF2-9BAF-0708AAEB8CA5}.Debug|Any CPU.Build.0 = Debug|Any CPU
		{4C6D1B91-EF4E-4CF2-9BAF-0708AAEB8CA5}.Release|Any CPU.ActiveCfg = Release|Any CPU
		{4C6D1B91-EF4E-4CF2-9BAF-0708AAEB8CA5}.Release|Any CPU.Build.0 = Release|Any CPU
		{F0CF71E9-D327-4054-BDAF-A3EBCB39B6C6}.Debug|Any CPU.ActiveCfg = Debug|Any CPU
		{F0CF71E9-D327-4054-BDAF-A3EBCB39B6C6}.Debug|Any CPU.Build.0 = Debug|Any CPU
		{F0CF71E9-D327-4054-BDAF-A3EBCB39B6C6}.Release|Any CPU.ActiveCfg = Release|Any CPU
		{F0CF71E9-D327-4054-BDAF-A3EBCB39B6C6}.Release|Any CPU.Build.0 = Release|Any CPU
		{13559B31-3E40-4CC5-9824-22D57DF441CD}.Debug|Any CPU.ActiveCfg = Debug|Any CPU
		{13559B31-3E40-4CC5-9824-22D57DF441CD}.Debug|Any CPU.Build.0 = Debug|Any CPU
		{13559B31-3E40-4CC5-9824-22D57DF441CD}.Release|Any CPU.ActiveCfg = Release|Any CPU
		{13559B31-3E40-4CC5-9824-22D57DF441CD}.Release|Any CPU.Build.0 = Release|Any CPU
		{8F210196-2077-4F34-9B06-1D49D5720ACE}.Debug|Any CPU.ActiveCfg = Debug|Any CPU
		{8F210196-2077-4F34-9B06-1D49D5720ACE}.Debug|Any CPU.Build.0 = Debug|Any CPU
		{8F210196-2077-4F34-9B06-1D49D5720ACE}.Release|Any CPU.ActiveCfg = Release|Any CPU
		{8F210196-2077-4F34-9B06-1D49D5720ACE}.Release|Any CPU.Build.0 = Release|Any CPU
		{0F45D988-EC32-4500-A7DC-A3265DC6B73C}.Debug|Any CPU.ActiveCfg = Debug|Any CPU
		{0F45D988-EC32-4500-A7DC-A3265DC6B73C}.Debug|Any CPU.Build.0 = Debug|Any CPU
		{0F45D988-EC32-4500-A7DC-A3265DC6B73C}.Release|Any CPU.ActiveCfg = Release|Any CPU
		{0F45D988-EC32-4500-A7DC-A3265DC6B73C}.Release|Any CPU.Build.0 = Release|Any CPU
		{BE0DBEE6-0E80-4589-B9A4-4E84A068F944}.Debug|Any CPU.ActiveCfg = Debug|Any CPU
		{BE0DBEE6-0E80-4589-B9A4-4E84A068F944}.Debug|Any CPU.Build.0 = Debug|Any CPU
		{BE0DBEE6-0E80-4589-B9A4-4E84A068F944}.Release|Any CPU.ActiveCfg = Release|Any CPU
		{BE0DBEE6-0E80-4589-B9A4-4E84A068F944}.Release|Any CPU.Build.0 = Release|Any CPU
		{DFE24D60-9716-4A7A-BD67-AE7D09AC4EB9}.Debug|Any CPU.ActiveCfg = Debug|Any CPU
		{DFE24D60-9716-4A7A-BD67-AE7D09AC4EB9}.Debug|Any CPU.Build.0 = Debug|Any CPU
		{DFE24D60-9716-4A7A-BD67-AE7D09AC4EB9}.Release|Any CPU.ActiveCfg = Release|Any CPU
		{DFE24D60-9716-4A7A-BD67-AE7D09AC4EB9}.Release|Any CPU.Build.0 = Release|Any CPU
		{E2172B5B-E5B8-4922-A746-F34863C59C24}.Debug|Any CPU.ActiveCfg = Debug|Any CPU
		{E2172B5B-E5B8-4922-A746-F34863C59C24}.Debug|Any CPU.Build.0 = Debug|Any CPU
		{E2172B5B-E5B8-4922-A746-F34863C59C24}.Release|Any CPU.ActiveCfg = Release|Any CPU
		{E2172B5B-E5B8-4922-A746-F34863C59C24}.Release|Any CPU.Build.0 = Release|Any CPU
		{ED14BE14-B4D0-4DAF-888A-5C1DDF442CF6}.Debug|Any CPU.ActiveCfg = Debug|Any CPU
		{ED14BE14-B4D0-4DAF-888A-5C1DDF442CF6}.Debug|Any CPU.Build.0 = Debug|Any CPU
		{ED14BE14-B4D0-4DAF-888A-5C1DDF442CF6}.Release|Any CPU.ActiveCfg = Release|Any CPU
		{ED14BE14-B4D0-4DAF-888A-5C1DDF442CF6}.Release|Any CPU.Build.0 = Release|Any CPU
		{87B925CD-B966-4841-8769-44C7FBFA41E8}.Debug|Any CPU.ActiveCfg = Debug|Any CPU
		{87B925CD-B966-4841-8769-44C7FBFA41E8}.Debug|Any CPU.Build.0 = Debug|Any CPU
		{87B925CD-B966-4841-8769-44C7FBFA41E8}.Release|Any CPU.ActiveCfg = Release|Any CPU
		{87B925CD-B966-4841-8769-44C7FBFA41E8}.Release|Any CPU.Build.0 = Release|Any CPU
	EndGlobalSection
	GlobalSection(SolutionProperties) = preSolution
		HideSolutionNode = FALSE
	EndGlobalSection
	GlobalSection(NestedProjects) = preSolution
		{6E2A037A-F173-76D7-C6EE-C6548F036C4C} = {827E0CD3-B72D-47B6-A68D-7590B98EB39B}
		{FDE2628D-62F0-46EC-9C8E-8AF16DB7C3F9} = {827E0CD3-B72D-47B6-A68D-7590B98EB39B}
		{B419093C-FD16-4F45-AF1C-EAD02DBA056E} = {0AB3BF05-4346-4AA6-1389-037BE0695223}
		{7DE55D46-E6B3-4324-B124-56187F731461} = {827E0CD3-B72D-47B6-A68D-7590B98EB39B}
		{4C6D1B91-EF4E-4CF2-9BAF-0708AAEB8CA5} = {827E0CD3-B72D-47B6-A68D-7590B98EB39B}
		{F0CF71E9-D327-4054-BDAF-A3EBCB39B6C6} = {827E0CD3-B72D-47B6-A68D-7590B98EB39B}
		{13559B31-3E40-4CC5-9824-22D57DF441CD} = {827E0CD3-B72D-47B6-A68D-7590B98EB39B}
		{8F210196-2077-4F34-9B06-1D49D5720ACE} = {827E0CD3-B72D-47B6-A68D-7590B98EB39B}
		{0F45D988-EC32-4500-A7DC-A3265DC6B73C} = {827E0CD3-B72D-47B6-A68D-7590B98EB39B}
		{BE0DBEE6-0E80-4589-B9A4-4E84A068F944} = {827E0CD3-B72D-47B6-A68D-7590B98EB39B}
		{DFE24D60-9716-4A7A-BD67-AE7D09AC4EB9} = {0AB3BF05-4346-4AA6-1389-037BE0695223}
		{E2172B5B-E5B8-4922-A746-F34863C59C24} = {827E0CD3-B72D-47B6-A68D-7590B98EB39B}
		{ED14BE14-B4D0-4DAF-888A-5C1DDF442CF6} = {0AB3BF05-4346-4AA6-1389-037BE0695223}
		{87B925CD-B966-4841-8769-44C7FBFA41E8} = {827E0CD3-B72D-47B6-A68D-7590B98EB39B}
	EndGlobalSection
	GlobalSection(ExtensibilityGlobals) = postSolution
		SolutionGuid = {BD80FAFF-D323-48A3-B127-7D7C9EB39A7B}
	EndGlobalSection
EndGlobal
